{
  "nodes": {
    "flake-utils": {
      "inputs": {
        "systems": "systems"
      },
      "locked": {
        "lastModified": 1689068808,
        "narHash": "sha256-6ixXo3wt24N/melDWjq70UuHQLxGV8jZvooRanIHXw0=",
        "owner": "numtide",
        "repo": "flake-utils",
        "rev": "919d646de7be200f3bf08cb76ae1f09402b6f9b4",
        "type": "github"
      },
      "original": {
        "owner": "numtide",
        "repo": "flake-utils",
        "type": "github"
      }
    },
    "home-manager": {
      "inputs": {
        "nixpkgs": [
          "nixpkgs"
        ]
      },
      "locked": {
        "lastModified": 1696446489,
        "narHash": "sha256-xSjMKdNR+q/3hdSPyg/LUMsZT/WIoUi8dcm5zT4SMUQ=",
        "owner": "nix-community",
        "repo": "home-manager",
        "rev": "68f7d8c0fb0bfc67d1916dd7f06288424360d43a",
        "type": "github"
      },
      "original": {
        "owner": "nix-community",
        "repo": "home-manager",
        "type": "github"
      }
    },
    "nixpkgs": {
      "locked": {
        "lastModified": 1697009197,
        "narHash": "sha256-viVRhBTFT8fPJTb1N3brQIpFZnttmwo3JVKNuWRVc3s=",
        "owner": "NixOS",
        "repo": "nixpkgs",
        "rev": "01441e14af5e29c9d27ace398e6dd0b293e25a54",
        "type": "github"
      },
      "original": {
        "owner": "NixOS",
        "ref": "nixpkgs-unstable",
        "repo": "nixpkgs",
        "type": "github"
      }
    },
    "nixpkgs-dev1": {
      "locked": {
        "lastModified": 1696182613,
        "narHash": "sha256-Ke3hAy1zZtM8x7XBs1PloyXmc4gnNr3fHOLpg6mGXMs=",
        "owner": "TomaSajt",
        "repo": "nixpkgs",
        "rev": "618ad25949ce089a34ef8953bca84f45fcfddd95",
        "type": "github"
      },
      "original": {
        "owner": "TomaSajt",
        "ref": "ride",
        "repo": "nixpkgs",
        "type": "github"
      }
    },
    "nixpkgs-dev2": {
      "locked": {
        "lastModified": 1697181342,
        "narHash": "sha256-J3oYE7SI7GT07pVW5wcelDcapuYjccCcyYw3ngey3Ec=",
        "owner": "NixOS",
        "repo": "nixpkgs",
        "rev": "4c2613a3f21cc00290a5642b657d77264c827e7b",
        "type": "github"
      },
      "original": {
        "owner": "NixOS",
        "repo": "nixpkgs",
        "type": "github"
      }
    },
    "nixpkgs-dev3": {
      "locked": {
        "lastModified": 1694786545,
        "narHash": "sha256-l5hI4NuYvh75tUJK7hxnOy+0PoxJuj2uWNbblD/9/mc=",
        "owner": "TomaSajt",
        "repo": "nixpkgs",
        "rev": "5537ef23510ddf63f3e536bc1051dba68703e498",
        "type": "github"
      },
      "original": {
        "owner": "TomaSajt",
        "ref": "quark-goldleaf",
        "repo": "nixpkgs",
        "type": "github"
      }
    },
    "nixpkgs-review-checks": {
      "inputs": {
        "flake-utils": "flake-utils",
        "nixpkgs": [
          "nixpkgs-unstable"
        ]
      },
      "locked": {
        "lastModified": 1692645044,
        "narHash": "sha256-dmgwhP8MYrcsoJ7xNxEJymJ3ruvozQc6yqx1QQ2Ilmc=",
        "owner": "SuperSandro2000",
        "repo": "nixpkgs-review-checks",
        "rev": "b0fbaef4ff6b312343e65db070723d8073c89c11",
        "type": "github"
      },
      "original": {
        "owner": "SuperSandro2000",
        "repo": "nixpkgs-review-checks",
        "type": "github"
      }
    },
    "nixpkgs-unstable": {
      "locked": {
        "lastModified": 1696657718,
        "narHash": "sha256-DLVkrAwcVWFdyePbR0E1Cw96eCpRXBzdNtDxniqIOYg=",
        "owner": "NixOS",
        "repo": "nixpkgs",
        "rev": "1124eb9e0d7eb65199a2dc81a66df1550550d8cc",
        "type": "github"
      },
      "original": {
        "owner": "NixOS",
        "repo": "nixpkgs",
        "type": "github"
      }
    },
    "nur": {
      "locked": {
        "lastModified": 1696542377,
        "narHash": "sha256-swb06Kj12+F9Rr/fXbT2ZGfEoVHcKZCIW+GVjQSI3Xc=",
        "owner": "nix-community",
        "repo": "NUR",
        "rev": "bd7b9e4113d3a4c726309b32f01c62bc192eb311",
        "type": "github"
      },
      "original": {
        "owner": "nix-community",
        "repo": "NUR",
        "type": "github"
      }
    },
    "root": {
      "inputs": {
        "home-manager": "home-manager",
        "nixpkgs": "nixpkgs",
        "nixpkgs-dev1": "nixpkgs-dev1",
        "nixpkgs-dev2": "nixpkgs-dev2",
        "nixpkgs-dev3": "nixpkgs-dev3",
        "nixpkgs-review-checks": "nixpkgs-review-checks",
        "nixpkgs-unstable": "nixpkgs-unstable",
        "nur": "nur"
      }
    },
    "systems": {
      "locked": {
        "lastModified": 1681028828,
        "narHash": "sha256-Vy1rq5AaRuLzOxct8nz4T6wlgyUR7zLU309k9mBC768=",
        "owner": "nix-systems",
        "repo": "default",
        "rev": "da67096a3b9bf56a91d16901293e51ba5b49a27e",
        "type": "github"
      },
      "original": {
        "owner": "nix-systems",
        "repo": "default",
        "type": "github"
      }
    }
  },
  "root": "root",
  "version": 7
}
