{
  "nodes": {
    "home-manager": {
      "inputs": {
        "nixpkgs": [
          "nixpkgs"
        ]
      },
      "locked": {
        "lastModified": 1739571712,
        "narHash": "sha256-0UdSDV/TBY+GuxXLbrLq3l2Fq02ciyKCIMy4qmnfJXQ=",
        "owner": "nix-community",
        "repo": "home-manager",
        "rev": "6d3163aea47fdb1fe19744e91306a2ea4f602292",
        "type": "github"
      },
      "original": {
        "owner": "nix-community",
        "repo": "home-manager",
        "type": "github"
      }
    },
    "nix-index-database": {
      "inputs": {
        "nixpkgs": [
          "nixpkgs"
        ]
      },
      "locked": {
        "lastModified": 1739071773,
        "narHash": "sha256-/Ak+Quinhmdxa9m3shjm4lwwwqmzG8zzGhhhhgR1k9I=",
        "owner": "nix-community",
        "repo": "nix-index-database",
        "rev": "895d81b6228bbd50a6ef22f5a58a504ca99763ea",
        "type": "github"
      },
      "original": {
        "owner": "nix-community",
        "repo": "nix-index-database",
        "type": "github"
      }
    },
    "nixos-hardware": {
      "locked": {
        "lastModified": 1738816619,
        "narHash": "sha256-5yRlg48XmpcX5b5HesdGMOte+YuCy9rzQkJz+imcu6I=",
        "owner": "NixOS",
        "repo": "nixos-hardware",
        "rev": "2eccff41bab80839b1d25b303b53d339fbb07087",
        "type": "github"
      },
      "original": {
        "owner": "NixOS",
        "repo": "nixos-hardware",
        "type": "github"
      }
    },
    "nixpkgs": {
      "locked": {
        "lastModified": 1739451785,
        "narHash": "sha256-3ebRdThRic9bHMuNi2IAA/ek9b32bsy8F5R4SvGTIog=",
        "owner": "NixOS",
        "repo": "nixpkgs",
        "rev": "1128e89fd5e11bb25aedbfc287733c6502202ea9",
        "type": "github"
      },
      "original": {
        "owner": "NixOS",
        "ref": "nixpkgs-unstable",
        "repo": "nixpkgs",
        "type": "github"
      }
    },
    "root": {
      "inputs": {
        "home-manager": "home-manager",
        "nix-index-database": "nix-index-database",
        "nixos-hardware": "nixos-hardware",
        "nixpkgs": "nixpkgs",
        "rycee-nur": "rycee-nur"
      }
    },
    "rycee-nur": {
      "flake": false,
      "locked": {
        "lastModified": 1739592202,
        "narHash": "sha256-ghQ9Z+PONjMTv4TK0+WyMM9Ih5osZL21UdgLbbJnSek=",
        "owner": "rycee",
        "repo": "nur-expressions",
        "rev": "4e266f1da531f169f1ff3d62942cf9cd901ee579",
        "type": "gitlab"
      },
      "original": {
        "owner": "rycee",
        "repo": "nur-expressions",
        "type": "gitlab"
      }
    }
  },
  "root": "root",
  "version": 7
}
